
Microsoft Visual Studio Solution File, Format Version 12.00
# Visual Studio Express 2012 for Windows Desktop
Project("{FAE04EC0-301F-11D3-BF4B-00C04F79EFBC}") = "CSharp.MyQueue", "CSharp.MyQueue\CSharp.MyQueue.csproj", "{FDB9A053-CF10-4F09-B044-98507D829749}"
EndProject
Global
	GlobalSection(SolutionConfigurationPlatforms) = preSolution
		Debug|Any CPU = Debug|Any CPU
		Release|Any CPU = Release|Any CPU
	EndGlobalSection
	GlobalSection(ProjectConfigurationPlatforms) = postSolution
		{FDB9A053-CF10-4F09-B044-98507D829749}.Debug|Any CPU.ActiveCfg = Debug|Any CPU
		{FDB9A053-CF10-4F09-B044-98507D829749}.Debug|Any CPU.Build.0 = Debug|Any CPU
		{FDB9A053-CF10-4F09-B044-98507D829749}.Release|Any CPU.ActiveCfg = Release|Any CPU
		{FDB9A053-CF10-4F09-B044-98507D829749}.Release|Any CPU.Build.0 = Release|Any CPU
	EndGlobalSection
	GlobalSection(SolutionProperties) = preSolution
		HideSolutionNode = FALSE
	EndGlobalSection
EndGlobal
